
Microsoft Visual Studio Solution File, Format Version 12.00
# Visual Studio Version 17
VisualStudioVersion = 17.11.35219.272
MinimumVisualStudioVersion = 10.0.40219.1
Project("{FAE04EC0-301F-11D3-BF4B-00C04F79EFBC}") = "DalTest", "DalTest\DalTest.csproj", "{A6C58CA3-BC42-4F1F-8E76-5D17EC6F5011}"
EndProject
Project("{FAE04EC0-301F-11D3-BF4B-00C04F79EFBC}") = "DalFacade", "DalFacade\DalFacade.csproj", "{A7B0CAA7-8E94-4D50-936C-E655B0DF1525}"
EndProject
Project("{FAE04EC0-301F-11D3-BF4B-00C04F79EFBC}") = "DalList", "DalList\DalList.csproj", "{5DCBEA07-BFD2-4524-8F2C-C3350BA577DE}"
EndProject
Global
	GlobalSection(SolutionConfigurationPlatforms) = preSolution
		Debug|Any CPU = Debug|Any CPU
		Release|Any CPU = Release|Any CPU
	EndGlobalSection
	GlobalSection(ProjectConfigurationPlatforms) = postSolution
		{A6C58CA3-BC42-4F1F-8E76-5D17EC6F5011}.Debug|Any CPU.ActiveCfg = Debug|Any CPU
		{A6C58CA3-BC42-4F1F-8E76-5D17EC6F5011}.Debug|Any CPU.Build.0 = Debug|Any CPU
		{A6C58CA3-BC42-4F1F-8E76-5D17EC6F5011}.Release|Any CPU.ActiveCfg = Release|Any CPU
		{A6C58CA3-BC42-4F1F-8E76-5D17EC6F5011}.Release|Any CPU.Build.0 = Release|Any CPU
		{A7B0CAA7-8E94-4D50-936C-E655B0DF1525}.Debug|Any CPU.ActiveCfg = Debug|Any CPU
		{A7B0CAA7-8E94-4D50-936C-E655B0DF1525}.Debug|Any CPU.Build.0 = Debug|Any CPU
		{A7B0CAA7-8E94-4D50-936C-E655B0DF1525}.Release|Any CPU.ActiveCfg = Release|Any CPU
		{A7B0CAA7-8E94-4D50-936C-E655B0DF1525}.Release|Any CPU.Build.0 = Release|Any CPU
		{5DCBEA07-BFD2-4524-8F2C-C3350BA577DE}.Debug|Any CPU.ActiveCfg = Debug|Any CPU
		{5DCBEA07-BFD2-4524-8F2C-C3350BA577DE}.Debug|Any CPU.Build.0 = Debug|Any CPU
		{5DCBEA07-BFD2-4524-8F2C-C3350BA577DE}.Release|Any CPU.ActiveCfg = Release|Any CPU
		{5DCBEA07-BFD2-4524-8F2C-C3350BA577DE}.Release|Any CPU.Build.0 = Release|Any CPU
	EndGlobalSection
	GlobalSection(SolutionProperties) = preSolution
		HideSolutionNode = FALSE
	EndGlobalSection
	GlobalSection(ExtensibilityGlobals) = postSolution
		SolutionGuid = {4D9E5C00-D118-49BA-8B6C-D738EF8CCE09}
	EndGlobalSection
EndGlobal
